// !$*UTF8*$!
{
	archiveVersion = 1;
	classes = {
	};
	objectVersion = 56;
	objects = {

/* Begin PBXBuildFile section */
		2428135129472D4200A0E22F /* Razzo.swift in Sources */ = {isa = PBXBuildFile; fileRef = 2428135029472D4200A0E22F /* Razzo.swift */; };
		242813532947393D00A0E22F /* Plat2.swift in Sources */ = {isa = PBXBuildFile; fileRef = 242813522947393D00A0E22F /* Plat2.swift */; };
		242813552947397D00A0E22F /* Plat3.swift in Sources */ = {isa = PBXBuildFile; fileRef = 242813542947397D00A0E22F /* Plat3.swift */; };
		242813572947399F00A0E22F /* Plat4.swift in Sources */ = {isa = PBXBuildFile; fileRef = 242813562947399F00A0E22F /* Plat4.swift */; };
		24281359294739C000A0E22F /* Plat5.swift in Sources */ = {isa = PBXBuildFile; fileRef = 24281358294739C000A0E22F /* Plat5.swift */; };
		2428135B294746F500A0E22F /* Plat6.swift in Sources */ = {isa = PBXBuildFile; fileRef = 2428135A294746F500A0E22F /* Plat6.swift */; };
		2428135D29474ED700A0E22F /* Encounter5.sks in Resources */ = {isa = PBXBuildFile; fileRef = 2428135C29474ED700A0E22F /* Encounter5.sks */; };
		2428135F2947508500A0E22F /* Encounter6.sks in Resources */ = {isa = PBXBuildFile; fileRef = 2428135E2947508500A0E22F /* Encounter6.sks */; };
		2428136129479B0E00A0E22F /* FakeBody.swift in Sources */ = {isa = PBXBuildFile; fileRef = 2428136029479B0E00A0E22F /* FakeBody.swift */; };
		242813632947AD3E00A0E22F /* Encounter7.sks in Resources */ = {isa = PBXBuildFile; fileRef = 242813622947AD3E00A0E22F /* Encounter7.sks */; };
		242813652947B4EB00A0E22F /* Encounter8.sks in Resources */ = {isa = PBXBuildFile; fileRef = 242813642947B4EB00A0E22F /* Encounter8.sks */; };
		242813692947B96900A0E22F /* Encounter9.sks in Resources */ = {isa = PBXBuildFile; fileRef = 242813682947B96900A0E22F /* Encounter9.sks */; };
		2428136B2947B9B700A0E22F /* Encounter10.sks in Resources */ = {isa = PBXBuildFile; fileRef = 2428136A2947B9B700A0E22F /* Encounter10.sks */; };
		2428136D2947B9ED00A0E22F /* Encounter11.sks in Resources */ = {isa = PBXBuildFile; fileRef = 2428136C2947B9ED00A0E22F /* Encounter11.sks */; };
		2428136F2947BA1700A0E22F /* Encounter12.sks in Resources */ = {isa = PBXBuildFile; fileRef = 2428136E2947BA1700A0E22F /* Encounter12.sks */; };
		242813712947BA3500A0E22F /* Encounter13.sks in Resources */ = {isa = PBXBuildFile; fileRef = 242813702947BA3500A0E22F /* Encounter13.sks */; };
		242813732947BA6600A0E22F /* Encounter14.sks in Resources */ = {isa = PBXBuildFile; fileRef = 242813722947BA6600A0E22F /* Encounter14.sks */; };
		242813752947BA8200A0E22F /* Encounter15.sks in Resources */ = {isa = PBXBuildFile; fileRef = 242813742947BA8200A0E22F /* Encounter15.sks */; };
		242813772947BAB000A0E22F /* Encounter16.sks in Resources */ = {isa = PBXBuildFile; fileRef = 242813762947BAB000A0E22F /* Encounter16.sks */; };
		242813792947BAD100A0E22F /* Encounter17.sks in Resources */ = {isa = PBXBuildFile; fileRef = 242813782947BAD100A0E22F /* Encounter17.sks */; };
		2428137B2947BBC100A0E22F /* Encounter18.sks in Resources */ = {isa = PBXBuildFile; fileRef = 2428137A2947BBC100A0E22F /* Encounter18.sks */; };
		2428137D2947BBDF00A0E22F /* Encounter19.sks in Resources */ = {isa = PBXBuildFile; fileRef = 2428137C2947BBDF00A0E22F /* Encounter19.sks */; };
		2428137F2947BBF500A0E22F /* Encounter20.sks in Resources */ = {isa = PBXBuildFile; fileRef = 2428137E2947BBF500A0E22F /* Encounter20.sks */; };
		242813812947CD4E00A0E22F /* music_zapsplat_game_music_zen_calm_soft_arpeggios_013.mp3 in Resources */ = {isa = PBXBuildFile; fileRef = 242813802947CD4E00A0E22F /* music_zapsplat_game_music_zen_calm_soft_arpeggios_013.mp3 */; };
		242813832947CD5A00A0E22F /* music_zapsplat_space_trivia.mp3 in Resources */ = {isa = PBXBuildFile; fileRef = 242813822947CD5A00A0E22F /* music_zapsplat_space_trivia.mp3 */; };
		242813892947DD6A00A0E22F /* AudioManager.swift in Sources */ = {isa = PBXBuildFile; fileRef = 242813882947DD6A00A0E22F /* AudioManager.swift */; };
		2428138B2947E0D900A0E22F /* mixkit-little-cat-attention-meow-86.wav in Resources */ = {isa = PBXBuildFile; fileRef = 2428138A2947E0D900A0E22F /* mixkit-little-cat-attention-meow-86.wav */; };
		24CF40A829440138003D9E23 /* Bat.swift in Sources */ = {isa = PBXBuildFile; fileRef = 24CF40A729440138003D9E23 /* Bat.swift */; };
		24CF40AA2944060A003D9E23 /* PlayerFly.swift in Sources */ = {isa = PBXBuildFile; fileRef = 24CF40A92944060A003D9E23 /* PlayerFly.swift */; };
		24CF40AC29440B1E003D9E23 /* HUD.swift in Sources */ = {isa = PBXBuildFile; fileRef = 24CF40AB29440B1E003D9E23 /* HUD.swift */; };
		24F07C682945FCAE002C4EF1 /* EnemyMonster.swift in Sources */ = {isa = PBXBuildFile; fileRef = 24F07C672945FCAE002C4EF1 /* EnemyMonster.swift */; };
		24F07C6A2945FFB9002C4EF1 /* PlatformType.swift in Sources */ = {isa = PBXBuildFile; fileRef = 24F07C692945FFB9002C4EF1 /* PlatformType.swift */; };
		24F07C6C2946484F002C4EF1 /* Encounter4.sks in Resources */ = {isa = PBXBuildFile; fileRef = 24F07C6B2946484F002C4EF1 /* Encounter4.sks */; };
		24F07C6E29466638002C4EF1 /* Tree.swift in Sources */ = {isa = PBXBuildFile; fileRef = 24F07C6D29466638002C4EF1 /* Tree.swift */; };
		24F07C7029466E20002C4EF1 /* BackgroundY.swift in Sources */ = {isa = PBXBuildFile; fileRef = 24F07C6F29466E20002C4EF1 /* BackgroundY.swift */; };
		24F07C722946A0E4002C4EF1 /* EnemyCurly.swift in Sources */ = {isa = PBXBuildFile; fileRef = 24F07C712946A0E4002C4EF1 /* EnemyCurly.swift */; };
		402223E9294115B30004776B /* AppDelegate.swift in Sources */ = {isa = PBXBuildFile; fileRef = 402223E8294115B30004776B /* AppDelegate.swift */; };
		402223EB294115B30004776B /* GameScene.sks in Resources */ = {isa = PBXBuildFile; fileRef = 402223EA294115B30004776B /* GameScene.sks */; };
		402223EF294115B30004776B /* GameScene.swift in Sources */ = {isa = PBXBuildFile; fileRef = 402223EE294115B30004776B /* GameScene.swift */; };
		402223F1294115B30004776B /* GameViewController.swift in Sources */ = {isa = PBXBuildFile; fileRef = 402223F0294115B30004776B /* GameViewController.swift */; };
		402223F4294115B30004776B /* Main.storyboard in Resources */ = {isa = PBXBuildFile; fileRef = 402223F2294115B30004776B /* Main.storyboard */; };
		402223F6294115B40004776B /* Assets.xcassets in Resources */ = {isa = PBXBuildFile; fileRef = 402223F5294115B40004776B /* Assets.xcassets */; };
		402223F9294115B40004776B /* LaunchScreen.storyboard in Resources */ = {isa = PBXBuildFile; fileRef = 402223F7294115B40004776B /* LaunchScreen.storyboard */; };
		40222400294119850004776B /* Enemy.swift in Sources */ = {isa = PBXBuildFile; fileRef = 402223FF294119850004776B /* Enemy.swift */; };
		4022240229411C930004776B /* GameSprite.swift in Sources */ = {isa = PBXBuildFile; fileRef = 4022240129411C930004776B /* GameSprite.swift */; };
		4022240429411F3C0004776B /* Player.swift in Sources */ = {isa = PBXBuildFile; fileRef = 4022240329411F3C0004776B /* Player.swift */; };
		4022240629412EB10004776B /* Ground.swift in Sources */ = {isa = PBXBuildFile; fileRef = 4022240529412EB10004776B /* Ground.swift */; };
		40222408294138950004776B /* Background.swift in Sources */ = {isa = PBXBuildFile; fileRef = 40222407294138950004776B /* Background.swift */; };
		4022240D29421B8C0004776B /* LaunchScene.sks in Resources */ = {isa = PBXBuildFile; fileRef = 4022240C29421B8C0004776B /* LaunchScene.sks */; };
		4022240F29421C170004776B /* LaunchScene.swift in Sources */ = {isa = PBXBuildFile; fileRef = 4022240E29421C170004776B /* LaunchScene.swift */; };
		40222415294481ED0004776B /* EnconunterManager.swift in Sources */ = {isa = PBXBuildFile; fileRef = 40222414294481ED0004776B /* EnconunterManager.swift */; };
		40222419294498910004776B /* Encounter2.sks in Resources */ = {isa = PBXBuildFile; fileRef = 40222416294498910004776B /* Encounter2.sks */; };
		4022241A294498910004776B /* Encounter1.sks in Resources */ = {isa = PBXBuildFile; fileRef = 40222417294498910004776B /* Encounter1.sks */; };
		4022241B294498910004776B /* Encounter3.sks in Resources */ = {isa = PBXBuildFile; fileRef = 40222418294498910004776B /* Encounter3.sks */; };
		4022241D294509630004776B /* PowerUp.swift in Sources */ = {isa = PBXBuildFile; fileRef = 4022241C294509630004776B /* PowerUp.swift */; };
		4022241F29450A8C0004776B /* Heart.swift in Sources */ = {isa = PBXBuildFile; fileRef = 4022241E29450A8C0004776B /* Heart.swift */; };
/* End PBXBuildFile section */

/* Begin PBXFileReference section */
		2428135029472D4200A0E22F /* Razzo.swift */ = {isa = PBXFileReference; lastKnownFileType = sourcecode.swift; path = Razzo.swift; sourceTree = "<group>"; };
		242813522947393D00A0E22F /* Plat2.swift */ = {isa = PBXFileReference; lastKnownFileType = sourcecode.swift; path = Plat2.swift; sourceTree = "<group>"; };
		242813542947397D00A0E22F /* Plat3.swift */ = {isa = PBXFileReference; lastKnownFileType = sourcecode.swift; path = Plat3.swift; sourceTree = "<group>"; };
		242813562947399F00A0E22F /* Plat4.swift */ = {isa = PBXFileReference; lastKnownFileType = sourcecode.swift; path = Plat4.swift; sourceTree = "<group>"; };
		24281358294739C000A0E22F /* Plat5.swift */ = {isa = PBXFileReference; lastKnownFileType = sourcecode.swift; path = Plat5.swift; sourceTree = "<group>"; };
		2428135A294746F500A0E22F /* Plat6.swift */ = {isa = PBXFileReference; lastKnownFileType = sourcecode.swift; path = Plat6.swift; sourceTree = "<group>"; };
		2428135C29474ED700A0E22F /* Encounter5.sks */ = {isa = PBXFileReference; lastKnownFileType = file.sks; path = Encounter5.sks; sourceTree = "<group>"; };
		2428135E2947508500A0E22F /* Encounter6.sks */ = {isa = PBXFileReference; lastKnownFileType = file.sks; path = Encounter6.sks; sourceTree = "<group>"; };
		2428136029479B0E00A0E22F /* FakeBody.swift */ = {isa = PBXFileReference; lastKnownFileType = sourcecode.swift; path = FakeBody.swift; sourceTree = "<group>"; };
		242813622947AD3E00A0E22F /* Encounter7.sks */ = {isa = PBXFileReference; lastKnownFileType = file.sks; path = Encounter7.sks; sourceTree = "<group>"; };
		242813642947B4EB00A0E22F /* Encounter8.sks */ = {isa = PBXFileReference; lastKnownFileType = file.sks; path = Encounter8.sks; sourceTree = "<group>"; };
		242813682947B96900A0E22F /* Encounter9.sks */ = {isa = PBXFileReference; lastKnownFileType = file.sks; path = Encounter9.sks; sourceTree = "<group>"; };
		2428136A2947B9B700A0E22F /* Encounter10.sks */ = {isa = PBXFileReference; lastKnownFileType = file.sks; path = Encounter10.sks; sourceTree = "<group>"; };
		2428136C2947B9ED00A0E22F /* Encounter11.sks */ = {isa = PBXFileReference; lastKnownFileType = file.sks; path = Encounter11.sks; sourceTree = "<group>"; };
		2428136E2947BA1700A0E22F /* Encounter12.sks */ = {isa = PBXFileReference; lastKnownFileType = file.sks; path = Encounter12.sks; sourceTree = "<group>"; };
		242813702947BA3500A0E22F /* Encounter13.sks */ = {isa = PBXFileReference; lastKnownFileType = file.sks; path = Encounter13.sks; sourceTree = "<group>"; };
		242813722947BA6600A0E22F /* Encounter14.sks */ = {isa = PBXFileReference; lastKnownFileType = file.sks; path = Encounter14.sks; sourceTree = "<group>"; };
		242813742947BA8200A0E22F /* Encounter15.sks */ = {isa = PBXFileReference; lastKnownFileType = file.sks; path = Encounter15.sks; sourceTree = "<group>"; };
		242813762947BAB000A0E22F /* Encounter16.sks */ = {isa = PBXFileReference; lastKnownFileType = file.sks; path = Encounter16.sks; sourceTree = "<group>"; };
		242813782947BAD100A0E22F /* Encounter17.sks */ = {isa = PBXFileReference; lastKnownFileType = file.sks; path = Encounter17.sks; sourceTree = "<group>"; };
		2428137A2947BBC100A0E22F /* Encounter18.sks */ = {isa = PBXFileReference; lastKnownFileType = file.sks; path = Encounter18.sks; sourceTree = "<group>"; };
		2428137C2947BBDF00A0E22F /* Encounter19.sks */ = {isa = PBXFileReference; lastKnownFileType = file.sks; path = Encounter19.sks; sourceTree = "<group>"; };
		2428137E2947BBF500A0E22F /* Encounter20.sks */ = {isa = PBXFileReference; lastKnownFileType = file.sks; path = Encounter20.sks; sourceTree = "<group>"; };
		242813802947CD4E00A0E22F /* music_zapsplat_game_music_zen_calm_soft_arpeggios_013.mp3 */ = {isa = PBXFileReference; lastKnownFileType = audio.mp3; path = music_zapsplat_game_music_zen_calm_soft_arpeggios_013.mp3; sourceTree = "<group>"; };
		242813822947CD5A00A0E22F /* music_zapsplat_space_trivia.mp3 */ = {isa = PBXFileReference; lastKnownFileType = audio.mp3; path = music_zapsplat_space_trivia.mp3; sourceTree = "<group>"; };
		242813882947DD6A00A0E22F /* AudioManager.swift */ = {isa = PBXFileReference; lastKnownFileType = sourcecode.swift; path = AudioManager.swift; sourceTree = "<group>"; };
		2428138A2947E0D900A0E22F /* mixkit-little-cat-attention-meow-86.wav */ = {isa = PBXFileReference; lastKnownFileType = audio.wav; path = "mixkit-little-cat-attention-meow-86.wav"; sourceTree = "<group>"; };
		24CF40A729440138003D9E23 /* Bat.swift */ = {isa = PBXFileReference; lastKnownFileType = sourcecode.swift; path = Bat.swift; sourceTree = "<group>"; };
		24CF40A92944060A003D9E23 /* PlayerFly.swift */ = {isa = PBXFileReference; lastKnownFileType = sourcecode.swift; path = PlayerFly.swift; sourceTree = "<group>"; };
		24CF40AB29440B1E003D9E23 /* HUD.swift */ = {isa = PBXFileReference; lastKnownFileType = sourcecode.swift; path = HUD.swift; sourceTree = "<group>"; };
		24F07C672945FCAE002C4EF1 /* EnemyMonster.swift */ = {isa = PBXFileReference; lastKnownFileType = sourcecode.swift; path = EnemyMonster.swift; sourceTree = "<group>"; };
		24F07C692945FFB9002C4EF1 /* PlatformType.swift */ = {isa = PBXFileReference; lastKnownFileType = sourcecode.swift; path = PlatformType.swift; sourceTree = "<group>"; };
		24F07C6B2946484F002C4EF1 /* Encounter4.sks */ = {isa = PBXFileReference; lastKnownFileType = file.sks; path = Encounter4.sks; sourceTree = "<group>"; };
		24F07C6D29466638002C4EF1 /* Tree.swift */ = {isa = PBXFileReference; lastKnownFileType = sourcecode.swift; path = Tree.swift; sourceTree = "<group>"; };
		24F07C6F29466E20002C4EF1 /* BackgroundY.swift */ = {isa = PBXFileReference; lastKnownFileType = sourcecode.swift; path = BackgroundY.swift; sourceTree = "<group>"; };
		24F07C712946A0E4002C4EF1 /* EnemyCurly.swift */ = {isa = PBXFileReference; lastKnownFileType = sourcecode.swift; path = EnemyCurly.swift; sourceTree = "<group>"; };
		402223E5294115B30004776B /* Game1.app */ = {isa = PBXFileReference; explicitFileType = wrapper.application; includeInIndex = 0; path = Game1.app; sourceTree = BUILT_PRODUCTS_DIR; };
		402223E8294115B30004776B /* AppDelegate.swift */ = {isa = PBXFileReference; lastKnownFileType = sourcecode.swift; path = AppDelegate.swift; sourceTree = "<group>"; };
		402223EA294115B30004776B /* GameScene.sks */ = {isa = PBXFileReference; lastKnownFileType = file.sks; path = GameScene.sks; sourceTree = "<group>"; };
		402223EE294115B30004776B /* GameScene.swift */ = {isa = PBXFileReference; lastKnownFileType = sourcecode.swift; path = GameScene.swift; sourceTree = "<group>"; };
		402223F0294115B30004776B /* GameViewController.swift */ = {isa = PBXFileReference; lastKnownFileType = sourcecode.swift; path = GameViewController.swift; sourceTree = "<group>"; };
		402223F3294115B30004776B /* Base */ = {isa = PBXFileReference; lastKnownFileType = file.storyboard; name = Base; path = Base.lproj/Main.storyboard; sourceTree = "<group>"; };
		402223F5294115B40004776B /* Assets.xcassets */ = {isa = PBXFileReference; lastKnownFileType = folder.assetcatalog; path = Assets.xcassets; sourceTree = "<group>"; };
		402223F8294115B40004776B /* Base */ = {isa = PBXFileReference; lastKnownFileType = file.storyboard; name = Base; path = Base.lproj/LaunchScreen.storyboard; sourceTree = "<group>"; };
		402223FF294119850004776B /* Enemy.swift */ = {isa = PBXFileReference; lastKnownFileType = sourcecode.swift; path = Enemy.swift; sourceTree = "<group>"; };
		4022240129411C930004776B /* GameSprite.swift */ = {isa = PBXFileReference; lastKnownFileType = sourcecode.swift; path = GameSprite.swift; sourceTree = "<group>"; };
		4022240329411F3C0004776B /* Player.swift */ = {isa = PBXFileReference; lastKnownFileType = sourcecode.swift; path = Player.swift; sourceTree = "<group>"; };
		4022240529412EB10004776B /* Ground.swift */ = {isa = PBXFileReference; lastKnownFileType = sourcecode.swift; path = Ground.swift; sourceTree = "<group>"; };
		40222407294138950004776B /* Background.swift */ = {isa = PBXFileReference; lastKnownFileType = sourcecode.swift; path = Background.swift; sourceTree = "<group>"; };
		4022240C29421B8C0004776B /* LaunchScene.sks */ = {isa = PBXFileReference; lastKnownFileType = file.sks; path = LaunchScene.sks; sourceTree = "<group>"; };
		4022240E29421C170004776B /* LaunchScene.swift */ = {isa = PBXFileReference; lastKnownFileType = sourcecode.swift; path = LaunchScene.swift; sourceTree = "<group>"; };
		40222414294481ED0004776B /* EnconunterManager.swift */ = {isa = PBXFileReference; lastKnownFileType = sourcecode.swift; path = EnconunterManager.swift; sourceTree = "<group>"; };
		40222416294498910004776B /* Encounter2.sks */ = {isa = PBXFileReference; lastKnownFileType = file.sks; path = Encounter2.sks; sourceTree = "<group>"; };
		40222417294498910004776B /* Encounter1.sks */ = {isa = PBXFileReference; lastKnownFileType = file.sks; path = Encounter1.sks; sourceTree = "<group>"; };
		40222418294498910004776B /* Encounter3.sks */ = {isa = PBXFileReference; lastKnownFileType = file.sks; path = Encounter3.sks; sourceTree = "<group>"; };
		4022241C294509630004776B /* PowerUp.swift */ = {isa = PBXFileReference; lastKnownFileType = sourcecode.swift; path = PowerUp.swift; sourceTree = "<group>"; };
		4022241E29450A8C0004776B /* Heart.swift */ = {isa = PBXFileReference; lastKnownFileType = sourcecode.swift; path = Heart.swift; sourceTree = "<group>"; };
/* End PBXFileReference section */

/* Begin PBXFrameworksBuildPhase section */
		402223E2294115B30004776B /* Frameworks */ = {
			isa = PBXFrameworksBuildPhase;
			buildActionMask = 2147483647;
			files = (
			);
			runOnlyForDeploymentPostprocessing = 0;
		};
/* End PBXFrameworksBuildPhase section */

/* Begin PBXGroup section */
		402223DC294115B30004776B = {
			isa = PBXGroup;
			children = (
				402223E7294115B30004776B /* Game1 */,
				402223E6294115B30004776B /* Products */,
			);
			sourceTree = "<group>";
		};
		402223E6294115B30004776B /* Products */ = {
			isa = PBXGroup;
			children = (
				402223E5294115B30004776B /* Game1.app */,
			);
			name = Products;
			sourceTree = "<group>";
		};
		402223E7294115B30004776B /* Game1 */ = {
			isa = PBXGroup;
			children = (
				402223E8294115B30004776B /* AppDelegate.swift */,
				4022240129411C930004776B /* GameSprite.swift */,
				242813822947CD5A00A0E22F /* music_zapsplat_space_trivia.mp3 */,
				2428138A2947E0D900A0E22F /* mixkit-little-cat-attention-meow-86.wav */,
				402223F0294115B30004776B /* GameViewController.swift */,
				242813802947CD4E00A0E22F /* music_zapsplat_game_music_zen_calm_soft_arpeggios_013.mp3 */,
				402223F2294115B30004776B /* Main.storyboard */,
				402223F5294115B40004776B /* Assets.xcassets */,
				402223F7294115B40004776B /* LaunchScreen.storyboard */,
				4022240B29421B1C0004776B /* Scenes */,
				4022240929421ADA0004776B /* Classes */,
			);
			path = Game1;
			sourceTree = "<group>";
		};
		4022240929421ADA0004776B /* Classes */ = {
			isa = PBXGroup;
			children = (
				4022240A29421B090004776B /* Scene Classes */,
				4022240529412EB10004776B /* Ground.swift */,
				4022240329411F3C0004776B /* Player.swift */,
				402223FF294119850004776B /* Enemy.swift */,
				2428136029479B0E00A0E22F /* FakeBody.swift */,
				24F07C692945FFB9002C4EF1 /* PlatformType.swift */,
				242813522947393D00A0E22F /* Plat2.swift */,
				2428135029472D4200A0E22F /* Razzo.swift */,
				24281358294739C000A0E22F /* Plat5.swift */,
				242813542947397D00A0E22F /* Plat3.swift */,
				2428135A294746F500A0E22F /* Plat6.swift */,
				242813562947399F00A0E22F /* Plat4.swift */,
				24F07C672945FCAE002C4EF1 /* EnemyMonster.swift */,
				242813882947DD6A00A0E22F /* AudioManager.swift */,
				40222407294138950004776B /* Background.swift */,
				24F07C6F29466E20002C4EF1 /* BackgroundY.swift */,
				24F07C6D29466638002C4EF1 /* Tree.swift */,
				24CF40A729440138003D9E23 /* Bat.swift */,
				40222414294481ED0004776B /* EnconunterManager.swift */,
				4022241C294509630004776B /* PowerUp.swift */,
				4022241E29450A8C0004776B /* Heart.swift */,
			);
			path = Classes;
			sourceTree = "<group>";
		};
		4022240A29421B090004776B /* Scene Classes */ = {
			isa = PBXGroup;
			children = (
				402223EE294115B30004776B /* GameScene.swift */,
				24F07C712946A0E4002C4EF1 /* EnemyCurly.swift */,
				24CF40AB29440B1E003D9E23 /* HUD.swift */,
				24CF40A92944060A003D9E23 /* PlayerFly.swift */,
				4022240E29421C170004776B /* LaunchScene.swift */,
			);
			path = "Scene Classes";
			sourceTree = "<group>";
		};
		4022240B29421B1C0004776B /* Scenes */ = {
			isa = PBXGroup;
			children = (
				402223EA294115B30004776B /* GameScene.sks */,
				4022240C29421B8C0004776B /* LaunchScene.sks */,
				40222417294498910004776B /* Encounter1.sks */,
				24F07C6B2946484F002C4EF1 /* Encounter4.sks */,
				40222416294498910004776B /* Encounter2.sks */,
				2428135C29474ED700A0E22F /* Encounter5.sks */,
				2428135E2947508500A0E22F /* Encounter6.sks */,
				242813622947AD3E00A0E22F /* Encounter7.sks */,
				242813642947B4EB00A0E22F /* Encounter8.sks */,
				40222418294498910004776B /* Encounter3.sks */,
				242813682947B96900A0E22F /* Encounter9.sks */,
				2428136A2947B9B700A0E22F /* Encounter10.sks */,
				2428136C2947B9ED00A0E22F /* Encounter11.sks */,
				2428136E2947BA1700A0E22F /* Encounter12.sks */,
				242813702947BA3500A0E22F /* Encounter13.sks */,
				242813722947BA6600A0E22F /* Encounter14.sks */,
				242813742947BA8200A0E22F /* Encounter15.sks */,
				242813762947BAB000A0E22F /* Encounter16.sks */,
				242813782947BAD100A0E22F /* Encounter17.sks */,
				2428137A2947BBC100A0E22F /* Encounter18.sks */,
				2428137C2947BBDF00A0E22F /* Encounter19.sks */,
				2428137E2947BBF500A0E22F /* Encounter20.sks */,
			);
			path = Scenes;
			sourceTree = "<group>";
		};
/* End PBXGroup section */

/* Begin PBXNativeTarget section */
		402223E4294115B30004776B /* Game1 */ = {
			isa = PBXNativeTarget;
			buildConfigurationList = 402223FC294115B40004776B /* Build configuration list for PBXNativeTarget "Game1" */;
			buildPhases = (
				402223E1294115B30004776B /* Sources */,
				402223E2294115B30004776B /* Frameworks */,
				402223E3294115B30004776B /* Resources */,
			);
			buildRules = (
			);
			dependencies = (
			);
			name = Game1;
			productName = Game1;
			productReference = 402223E5294115B30004776B /* Game1.app */;
			productType = "com.apple.product-type.application";
		};
/* End PBXNativeTarget section */

/* Begin PBXProject section */
		402223DD294115B30004776B /* Project object */ = {
			isa = PBXProject;
			attributes = {
				BuildIndependentTargetsInParallel = 1;
				LastSwiftUpdateCheck = 1410;
				LastUpgradeCheck = 1410;
				TargetAttributes = {
					402223E4294115B30004776B = {
						CreatedOnToolsVersion = 14.1;
					};
				};
			};
			buildConfigurationList = 402223E0294115B30004776B /* Build configuration list for PBXProject "Game1" */;
			compatibilityVersion = "Xcode 14.0";
			developmentRegion = en;
			hasScannedForEncodings = 0;
			knownRegions = (
				en,
				Base,
			);
			mainGroup = 402223DC294115B30004776B;
			productRefGroup = 402223E6294115B30004776B /* Products */;
			projectDirPath = "";
			projectRoot = "";
			targets = (
				402223E4294115B30004776B /* Game1 */,
			);
		};
/* End PBXProject section */

/* Begin PBXResourcesBuildPhase section */
		402223E3294115B30004776B /* Resources */ = {
			isa = PBXResourcesBuildPhase;
			buildActionMask = 2147483647;
			files = (
				2428138B2947E0D900A0E22F /* mixkit-little-cat-attention-meow-86.wav in Resources */,
				402223F4294115B30004776B /* Main.storyboard in Resources */,
				242813752947BA8200A0E22F /* Encounter15.sks in Resources */,
				2428136B2947B9B700A0E22F /* Encounter10.sks in Resources */,
				2428135D29474ED700A0E22F /* Encounter5.sks in Resources */,
				4022240D29421B8C0004776B /* LaunchScene.sks in Resources */,
				242813632947AD3E00A0E22F /* Encounter7.sks in Resources */,
				40222419294498910004776B /* Encounter2.sks in Resources */,
				242813812947CD4E00A0E22F /* music_zapsplat_game_music_zen_calm_soft_arpeggios_013.mp3 in Resources */,
				24F07C6C2946484F002C4EF1 /* Encounter4.sks in Resources */,
				242813712947BA3500A0E22F /* Encounter13.sks in Resources */,
				2428137B2947BBC100A0E22F /* Encounter18.sks in Resources */,
				2428136F2947BA1700A0E22F /* Encounter12.sks in Resources */,
				2428135F2947508500A0E22F /* Encounter6.sks in Resources */,
				242813692947B96900A0E22F /* Encounter9.sks in Resources */,
				4022241B294498910004776B /* Encounter3.sks in Resources */,
				242813772947BAB000A0E22F /* Encounter16.sks in Resources */,
				242813652947B4EB00A0E22F /* Encounter8.sks in Resources */,
				402223EB294115B30004776B /* GameScene.sks in Resources */,
				242813732947BA6600A0E22F /* Encounter14.sks in Resources */,
				4022241A294498910004776B /* Encounter1.sks in Resources */,
				242813832947CD5A00A0E22F /* music_zapsplat_space_trivia.mp3 in Resources */,
				2428137D2947BBDF00A0E22F /* Encounter19.sks in Resources */,
				2428136D2947B9ED00A0E22F /* Encounter11.sks in Resources */,
				2428137F2947BBF500A0E22F /* Encounter20.sks in Resources */,
				242813792947BAD100A0E22F /* Encounter17.sks in Resources */,
				402223F6294115B40004776B /* Assets.xcassets in Resources */,
				402223F9294115B40004776B /* LaunchScreen.storyboard in Resources */,
			);
			runOnlyForDeploymentPostprocessing = 0;
		};
/* End PBXResourcesBuildPhase section */

/* Begin PBXSourcesBuildPhase section */
		402223E1294115B30004776B /* Sources */ = {
			isa = PBXSourcesBuildPhase;
			buildActionMask = 2147483647;
			files = (
				24281359294739C000A0E22F /* Plat5.swift in Sources */,
				24F07C722946A0E4002C4EF1 /* EnemyCurly.swift in Sources */,
				40222400294119850004776B /* Enemy.swift in Sources */,
				402223EF294115B30004776B /* GameScene.swift in Sources */,
				4022240629412EB10004776B /* Ground.swift in Sources */,
				24F07C6E29466638002C4EF1 /* Tree.swift in Sources */,
				24F07C6A2945FFB9002C4EF1 /* PlatformType.swift in Sources */,
				24F07C682945FCAE002C4EF1 /* EnemyMonster.swift in Sources */,
				40222415294481ED0004776B /* EnconunterManager.swift in Sources */,
				2428135B294746F500A0E22F /* Plat6.swift in Sources */,
				40222408294138950004776B /* Background.swift in Sources */,
				402223F1294115B30004776B /* GameViewController.swift in Sources */,
				2428136129479B0E00A0E22F /* FakeBody.swift in Sources */,
				24CF40A829440138003D9E23 /* Bat.swift in Sources */,
				242813572947399F00A0E22F /* Plat4.swift in Sources */,
				242813532947393D00A0E22F /* Plat2.swift in Sources */,
				4022240F29421C170004776B /* LaunchScene.swift in Sources */,
				242813552947397D00A0E22F /* Plat3.swift in Sources */,
				2428135129472D4200A0E22F /* Razzo.swift in Sources */,
				24F07C7029466E20002C4EF1 /* BackgroundY.swift in Sources */,
				4022241D294509630004776B /* PowerUp.swift in Sources */,
				4022240229411C930004776B /* GameSprite.swift in Sources */,
				242813892947DD6A00A0E22F /* AudioManager.swift in Sources */,
				24CF40AA2944060A003D9E23 /* PlayerFly.swift in Sources */,
				24CF40AC29440B1E003D9E23 /* HUD.swift in Sources */,
				4022241F29450A8C0004776B /* Heart.swift in Sources */,
				4022240429411F3C0004776B /* Player.swift in Sources */,
				402223E9294115B30004776B /* AppDelegate.swift in Sources */,
			);
			runOnlyForDeploymentPostprocessing = 0;
		};
/* End PBXSourcesBuildPhase section */

/* Begin PBXVariantGroup section */
		402223F2294115B30004776B /* Main.storyboard */ = {
			isa = PBXVariantGroup;
			children = (
				402223F3294115B30004776B /* Base */,
			);
			name = Main.storyboard;
			sourceTree = "<group>";
		};
		402223F7294115B40004776B /* LaunchScreen.storyboard */ = {
			isa = PBXVariantGroup;
			children = (
				402223F8294115B40004776B /* Base */,
			);
			name = LaunchScreen.storyboard;
			sourceTree = "<group>";
		};
/* End PBXVariantGroup section */

/* Begin XCBuildConfiguration section */
		402223FA294115B40004776B /* Debug */ = {
			isa = XCBuildConfiguration;
			buildSettings = {
				ALWAYS_SEARCH_USER_PATHS = NO;
				CLANG_ANALYZER_NONNULL = YES;
				CLANG_ANALYZER_NUMBER_OBJECT_CONVERSION = YES_AGGRESSIVE;
				CLANG_CXX_LANGUAGE_STANDARD = "gnu++20";
				CLANG_ENABLE_MODULES = YES;
				CLANG_ENABLE_OBJC_ARC = YES;
				CLANG_ENABLE_OBJC_WEAK = YES;
				CLANG_WARN_BLOCK_CAPTURE_AUTORELEASING = YES;
				CLANG_WARN_BOOL_CONVERSION = YES;
				CLANG_WARN_COMMA = YES;
				CLANG_WARN_CONSTANT_CONVERSION = YES;
				CLANG_WARN_DEPRECATED_OBJC_IMPLEMENTATIONS = YES;
				CLANG_WARN_DIRECT_OBJC_ISA_USAGE = YES_ERROR;
				CLANG_WARN_DOCUMENTATION_COMMENTS = YES;
				CLANG_WARN_EMPTY_BODY = YES;
				CLANG_WARN_ENUM_CONVERSION = YES;
				CLANG_WARN_INFINITE_RECURSION = YES;
				CLANG_WARN_INT_CONVERSION = YES;
				CLANG_WARN_NON_LITERAL_NULL_CONVERSION = YES;
				CLANG_WARN_OBJC_IMPLICIT_RETAIN_SELF = YES;
				CLANG_WARN_OBJC_LITERAL_CONVERSION = YES;
				CLANG_WARN_OBJC_ROOT_CLASS = YES_ERROR;
				CLANG_WARN_QUOTED_INCLUDE_IN_FRAMEWORK_HEADER = YES;
				CLANG_WARN_RANGE_LOOP_ANALYSIS = YES;
				CLANG_WARN_STRICT_PROTOTYPES = YES;
				CLANG_WARN_SUSPICIOUS_MOVE = YES;
				CLANG_WARN_UNGUARDED_AVAILABILITY = YES_AGGRESSIVE;
				CLANG_WARN_UNREACHABLE_CODE = YES;
				CLANG_WARN__DUPLICATE_METHOD_MATCH = YES;
				COPY_PHASE_STRIP = NO;
				DEBUG_INFORMATION_FORMAT = dwarf;
				ENABLE_STRICT_OBJC_MSGSEND = YES;
				ENABLE_TESTABILITY = YES;
				GCC_C_LANGUAGE_STANDARD = gnu11;
				GCC_DYNAMIC_NO_PIC = NO;
				GCC_NO_COMMON_BLOCKS = YES;
				GCC_OPTIMIZATION_LEVEL = 0;
				GCC_PREPROCESSOR_DEFINITIONS = (
					"DEBUG=1",
					"$(inherited)",
				);
				GCC_WARN_64_TO_32_BIT_CONVERSION = YES;
				GCC_WARN_ABOUT_RETURN_TYPE = YES_ERROR;
				GCC_WARN_UNDECLARED_SELECTOR = YES;
				GCC_WARN_UNINITIALIZED_AUTOS = YES_AGGRESSIVE;
				GCC_WARN_UNUSED_FUNCTION = YES;
				GCC_WARN_UNUSED_VARIABLE = YES;
				IPHONEOS_DEPLOYMENT_TARGET = 16.1;
				MTL_ENABLE_DEBUG_INFO = INCLUDE_SOURCE;
				MTL_FAST_MATH = YES;
				ONLY_ACTIVE_ARCH = YES;
				SDKROOT = iphoneos;
				SWIFT_ACTIVE_COMPILATION_CONDITIONS = DEBUG;
				SWIFT_OPTIMIZATION_LEVEL = "-Onone";
			};
			name = Debug;
		};
		402223FB294115B40004776B /* Release */ = {
			isa = XCBuildConfiguration;
			buildSettings = {
				ALWAYS_SEARCH_USER_PATHS = NO;
				CLANG_ANALYZER_NONNULL = YES;
				CLANG_ANALYZER_NUMBER_OBJECT_CONVERSION = YES_AGGRESSIVE;
				CLANG_CXX_LANGUAGE_STANDARD = "gnu++20";
				CLANG_ENABLE_MODULES = YES;
				CLANG_ENABLE_OBJC_ARC = YES;
				CLANG_ENABLE_OBJC_WEAK = YES;
				CLANG_WARN_BLOCK_CAPTURE_AUTORELEASING = YES;
				CLANG_WARN_BOOL_CONVERSION = YES;
				CLANG_WARN_COMMA = YES;
				CLANG_WARN_CONSTANT_CONVERSION = YES;
				CLANG_WARN_DEPRECATED_OBJC_IMPLEMENTATIONS = YES;
				CLANG_WARN_DIRECT_OBJC_ISA_USAGE = YES_ERROR;
				CLANG_WARN_DOCUMENTATION_COMMENTS = YES;
				CLANG_WARN_EMPTY_BODY = YES;
				CLANG_WARN_ENUM_CONVERSION = YES;
				CLANG_WARN_INFINITE_RECURSION = YES;
				CLANG_WARN_INT_CONVERSION = YES;
				CLANG_WARN_NON_LITERAL_NULL_CONVERSION = YES;
				CLANG_WARN_OBJC_IMPLICIT_RETAIN_SELF = YES;
				CLANG_WARN_OBJC_LITERAL_CONVERSION = YES;
				CLANG_WARN_OBJC_ROOT_CLASS = YES_ERROR;
				CLANG_WARN_QUOTED_INCLUDE_IN_FRAMEWORK_HEADER = YES;
				CLANG_WARN_RANGE_LOOP_ANALYSIS = YES;
				CLANG_WARN_STRICT_PROTOTYPES = YES;
				CLANG_WARN_SUSPICIOUS_MOVE = YES;
				CLANG_WARN_UNGUARDED_AVAILABILITY = YES_AGGRESSIVE;
				CLANG_WARN_UNREACHABLE_CODE = YES;
				CLANG_WARN__DUPLICATE_METHOD_MATCH = YES;
				COPY_PHASE_STRIP = NO;
				DEBUG_INFORMATION_FORMAT = "dwarf-with-dsym";
				ENABLE_NS_ASSERTIONS = NO;
				ENABLE_STRICT_OBJC_MSGSEND = YES;
				GCC_C_LANGUAGE_STANDARD = gnu11;
				GCC_NO_COMMON_BLOCKS = YES;
				GCC_WARN_64_TO_32_BIT_CONVERSION = YES;
				GCC_WARN_ABOUT_RETURN_TYPE = YES_ERROR;
				GCC_WARN_UNDECLARED_SELECTOR = YES;
				GCC_WARN_UNINITIALIZED_AUTOS = YES_AGGRESSIVE;
				GCC_WARN_UNUSED_FUNCTION = YES;
				GCC_WARN_UNUSED_VARIABLE = YES;
				IPHONEOS_DEPLOYMENT_TARGET = 16.1;
				MTL_ENABLE_DEBUG_INFO = NO;
				MTL_FAST_MATH = YES;
				SDKROOT = iphoneos;
				SWIFT_COMPILATION_MODE = wholemodule;
				SWIFT_OPTIMIZATION_LEVEL = "-O";
				VALIDATE_PRODUCT = YES;
			};
			name = Release;
		};
		402223FD294115B40004776B /* Debug */ = {
			isa = XCBuildConfiguration;
			buildSettings = {
				ASSETCATALOG_COMPILER_APPICON_NAME = AppIcon;
				ASSETCATALOG_COMPILER_GLOBAL_ACCENT_COLOR_NAME = AccentColor;
				CODE_SIGN_STYLE = Automatic;
				CURRENT_PROJECT_VERSION = 1;
				DEVELOPMENT_TEAM = 4X3GF5PXZ4;
				GENERATE_INFOPLIST_FILE = YES;
				INFOPLIST_KEY_UIApplicationSupportsIndirectInputEvents = YES;
				INFOPLIST_KEY_UILaunchStoryboardName = LaunchScreen;
				INFOPLIST_KEY_UIMainStoryboardFile = Main;
				INFOPLIST_KEY_UIStatusBarHidden = YES;
				INFOPLIST_KEY_UISupportedInterfaceOrientations = "UIInterfaceOrientationLandscapeLeft UIInterfaceOrientationLandscapeRight";
				INFOPLIST_KEY_UISupportedInterfaceOrientations_iPad = "UIInterfaceOrientationLandscapeLeft UIInterfaceOrientationLandscapeRight UIInterfaceOrientationPortrait UIInterfaceOrientationPortraitUpsideDown";
				IPHONEOS_DEPLOYMENT_TARGET = 16.0;
				LD_RUNPATH_SEARCH_PATHS = (
					"$(inherited)",
					"@executable_path/Frameworks",
				);
				MARKETING_VERSION = 1.0;
				PRODUCT_BUNDLE_IDENTIFIER = "mmcaliendo22-fed.idserve.net.Game1";
				PRODUCT_NAME = "$(TARGET_NAME)";
				SUPPORTED_PLATFORMS = "iphoneos iphonesimulator";
				SUPPORTS_MACCATALYST = NO;
				SUPPORTS_MAC_DESIGNED_FOR_IPHONE_IPAD = NO;
				SWIFT_EMIT_LOC_STRINGS = YES;
				SWIFT_VERSION = 5.0;
				TARGETED_DEVICE_FAMILY = 1;
			};
			name = Debug;
		};
		402223FE294115B40004776B /* Release */ = {
			isa = XCBuildConfiguration;
			buildSettings = {
				ASSETCATALOG_COMPILER_APPICON_NAME = AppIcon;
				ASSETCATALOG_COMPILER_GLOBAL_ACCENT_COLOR_NAME = AccentColor;
				CODE_SIGN_STYLE = Automatic;
				CURRENT_PROJECT_VERSION = 1;
				DEVELOPMENT_TEAM = 4X3GF5PXZ4;
				GENERATE_INFOPLIST_FILE = YES;
				INFOPLIST_KEY_UIApplicationSupportsIndirectInputEvents = YES;
				INFOPLIST_KEY_UILaunchStoryboardName = LaunchScreen;
				INFOPLIST_KEY_UIMainStoryboardFile = Main;
				INFOPLIST_KEY_UIStatusBarHidden = YES;
				INFOPLIST_KEY_UISupportedInterfaceOrientations = "UIInterfaceOrientationLandscapeLeft UIInterfaceOrientationLandscapeRight";
				INFOPLIST_KEY_UISupportedInterfaceOrientations_iPad = "UIInterfaceOrientationLandscapeLeft UIInterfaceOrientationLandscapeRight UIInterfaceOrientationPortrait UIInterfaceOrientationPortraitUpsideDown";
				IPHONEOS_DEPLOYMENT_TARGET = 16.0;
				LD_RUNPATH_SEARCH_PATHS = (
					"$(inherited)",
					"@executable_path/Frameworks",
				);
				MARKETING_VERSION = 1.0;
				PRODUCT_BUNDLE_IDENTIFIER = "mmcaliendo22-fed.idserve.net.Game1";
				PRODUCT_NAME = "$(TARGET_NAME)";
				SUPPORTED_PLATFORMS = "iphoneos iphonesimulator";
				SUPPORTS_MACCATALYST = NO;
				SUPPORTS_MAC_DESIGNED_FOR_IPHONE_IPAD = NO;
				SWIFT_EMIT_LOC_STRINGS = YES;
				SWIFT_VERSION = 5.0;
				TARGETED_DEVICE_FAMILY = 1;
			};
			name = Release;
		};
/* End XCBuildConfiguration section */

/* Begin XCConfigurationList section */
		402223E0294115B30004776B /* Build configuration list for PBXProject "Game1" */ = {
			isa = XCConfigurationList;
			buildConfigurations = (
				402223FA294115B40004776B /* Debug */,
				402223FB294115B40004776B /* Release */,
			);
			defaultConfigurationIsVisible = 0;
			defaultConfigurationName = Release;
		};
		402223FC294115B40004776B /* Build configuration list for PBXNativeTarget "Game1" */ = {
			isa = XCConfigurationList;
			buildConfigurations = (
				402223FD294115B40004776B /* Debug */,
				402223FE294115B40004776B /* Release */,
			);
			defaultConfigurationIsVisible = 0;
			defaultConfigurationName = Release;
		};
/* End XCConfigurationList section */
	};
	rootObject = 402223DD294115B30004776B /* Project object */;
}
