// !$*UTF8*$!
{
	archiveVersion = 1;
	classes = {
	};
	objectVersion = 56;
	objects = {

/* Begin PBXBuildFile section */
		24CF40A829440138003D9E23 /* Bat.swift in Sources */ = {isa = PBXBuildFile; fileRef = 24CF40A729440138003D9E23 /* Bat.swift */; };
		24CF40AA2944060A003D9E23 /* PlayerFly.swift in Sources */ = {isa = PBXBuildFile; fileRef = 24CF40A92944060A003D9E23 /* PlayerFly.swift */; };
		24CF40AC29440B1E003D9E23 /* HUD.swift in Sources */ = {isa = PBXBuildFile; fileRef = 24CF40AB29440B1E003D9E23 /* HUD.swift */; };
		402223E9294115B30004776B /* AppDelegate.swift in Sources */ = {isa = PBXBuildFile; fileRef = 402223E8294115B30004776B /* AppDelegate.swift */; };
		402223EB294115B30004776B /* GameScene.sks in Resources */ = {isa = PBXBuildFile; fileRef = 402223EA294115B30004776B /* GameScene.sks */; };
		402223EF294115B30004776B /* GameScene.swift in Sources */ = {isa = PBXBuildFile; fileRef = 402223EE294115B30004776B /* GameScene.swift */; };
		402223F1294115B30004776B /* GameViewController.swift in Sources */ = {isa = PBXBuildFile; fileRef = 402223F0294115B30004776B /* GameViewController.swift */; };
		402223F4294115B30004776B /* Main.storyboard in Resources */ = {isa = PBXBuildFile; fileRef = 402223F2294115B30004776B /* Main.storyboard */; };
		402223F6294115B40004776B /* Assets.xcassets in Resources */ = {isa = PBXBuildFile; fileRef = 402223F5294115B40004776B /* Assets.xcassets */; };
		402223F9294115B40004776B /* LaunchScreen.storyboard in Resources */ = {isa = PBXBuildFile; fileRef = 402223F7294115B40004776B /* LaunchScreen.storyboard */; };
		40222400294119850004776B /* Enemy.swift in Sources */ = {isa = PBXBuildFile; fileRef = 402223FF294119850004776B /* Enemy.swift */; };
		4022240229411C930004776B /* GameSprite.swift in Sources */ = {isa = PBXBuildFile; fileRef = 4022240129411C930004776B /* GameSprite.swift */; };
		4022240429411F3C0004776B /* Player.swift in Sources */ = {isa = PBXBuildFile; fileRef = 4022240329411F3C0004776B /* Player.swift */; };
		4022240629412EB10004776B /* Ground.swift in Sources */ = {isa = PBXBuildFile; fileRef = 4022240529412EB10004776B /* Ground.swift */; };
		40222408294138950004776B /* Background.swift in Sources */ = {isa = PBXBuildFile; fileRef = 40222407294138950004776B /* Background.swift */; };
		4022240D29421B8C0004776B /* LaunchScene.sks in Resources */ = {isa = PBXBuildFile; fileRef = 4022240C29421B8C0004776B /* LaunchScene.sks */; };
		4022240F29421C170004776B /* LaunchScene.swift in Sources */ = {isa = PBXBuildFile; fileRef = 4022240E29421C170004776B /* LaunchScene.swift */; };
/* End PBXBuildFile section */

/* Begin PBXFileReference section */
		24CF40A729440138003D9E23 /* Bat.swift */ = {isa = PBXFileReference; lastKnownFileType = sourcecode.swift; path = Bat.swift; sourceTree = "<group>"; };
		24CF40A92944060A003D9E23 /* PlayerFly.swift */ = {isa = PBXFileReference; lastKnownFileType = sourcecode.swift; path = PlayerFly.swift; sourceTree = "<group>"; };
		24CF40AB29440B1E003D9E23 /* HUD.swift */ = {isa = PBXFileReference; lastKnownFileType = sourcecode.swift; path = HUD.swift; sourceTree = "<group>"; };
		402223E5294115B30004776B /* Game1.app */ = {isa = PBXFileReference; explicitFileType = wrapper.application; includeInIndex = 0; path = Game1.app; sourceTree = BUILT_PRODUCTS_DIR; };
		402223E8294115B30004776B /* AppDelegate.swift */ = {isa = PBXFileReference; lastKnownFileType = sourcecode.swift; path = AppDelegate.swift; sourceTree = "<group>"; };
		402223EA294115B30004776B /* GameScene.sks */ = {isa = PBXFileReference; lastKnownFileType = file.sks; path = GameScene.sks; sourceTree = "<group>"; };
		402223EE294115B30004776B /* GameScene.swift */ = {isa = PBXFileReference; lastKnownFileType = sourcecode.swift; path = GameScene.swift; sourceTree = "<group>"; };
		402223F0294115B30004776B /* GameViewController.swift */ = {isa = PBXFileReference; lastKnownFileType = sourcecode.swift; path = GameViewController.swift; sourceTree = "<group>"; };
		402223F3294115B30004776B /* Base */ = {isa = PBXFileReference; lastKnownFileType = file.storyboard; name = Base; path = Base.lproj/Main.storyboard; sourceTree = "<group>"; };
		402223F5294115B40004776B /* Assets.xcassets */ = {isa = PBXFileReference; lastKnownFileType = folder.assetcatalog; path = Assets.xcassets; sourceTree = "<group>"; };
		402223F8294115B40004776B /* Base */ = {isa = PBXFileReference; lastKnownFileType = file.storyboard; name = Base; path = Base.lproj/LaunchScreen.storyboard; sourceTree = "<group>"; };
		402223FF294119850004776B /* Enemy.swift */ = {isa = PBXFileReference; lastKnownFileType = sourcecode.swift; path = Enemy.swift; sourceTree = "<group>"; };
		4022240129411C930004776B /* GameSprite.swift */ = {isa = PBXFileReference; lastKnownFileType = sourcecode.swift; path = GameSprite.swift; sourceTree = "<group>"; };
		4022240329411F3C0004776B /* Player.swift */ = {isa = PBXFileReference; lastKnownFileType = sourcecode.swift; path = Player.swift; sourceTree = "<group>"; };
		4022240529412EB10004776B /* Ground.swift */ = {isa = PBXFileReference; lastKnownFileType = sourcecode.swift; path = Ground.swift; sourceTree = "<group>"; };
		40222407294138950004776B /* Background.swift */ = {isa = PBXFileReference; lastKnownFileType = sourcecode.swift; path = Background.swift; sourceTree = "<group>"; };
		4022240C29421B8C0004776B /* LaunchScene.sks */ = {isa = PBXFileReference; lastKnownFileType = file.sks; path = LaunchScene.sks; sourceTree = "<group>"; };
		4022240E29421C170004776B /* LaunchScene.swift */ = {isa = PBXFileReference; lastKnownFileType = sourcecode.swift; path = LaunchScene.swift; sourceTree = "<group>"; };
/* End PBXFileReference section */

/* Begin PBXFrameworksBuildPhase section */
		402223E2294115B30004776B /* Frameworks */ = {
			isa = PBXFrameworksBuildPhase;
			buildActionMask = 2147483647;
			files = (
			);
			runOnlyForDeploymentPostprocessing = 0;
		};
/* End PBXFrameworksBuildPhase section */

/* Begin PBXGroup section */
		402223DC294115B30004776B = {
			isa = PBXGroup;
			children = (
				402223E7294115B30004776B /* Game1 */,
				402223E6294115B30004776B /* Products */,
			);
			sourceTree = "<group>";
		};
		402223E6294115B30004776B /* Products */ = {
			isa = PBXGroup;
			children = (
				402223E5294115B30004776B /* Game1.app */,
			);
			name = Products;
			sourceTree = "<group>";
		};
		402223E7294115B30004776B /* Game1 */ = {
			isa = PBXGroup;
			children = (
				402223E8294115B30004776B /* AppDelegate.swift */,
				4022240129411C930004776B /* GameSprite.swift */,
				402223F0294115B30004776B /* GameViewController.swift */,
				402223F2294115B30004776B /* Main.storyboard */,
				402223F5294115B40004776B /* Assets.xcassets */,
				402223F7294115B40004776B /* LaunchScreen.storyboard */,
				4022240B29421B1C0004776B /* Scenes */,
				4022240929421ADA0004776B /* Classes */,
			);
			path = Game1;
			sourceTree = "<group>";
		};
		4022240929421ADA0004776B /* Classes */ = {
			isa = PBXGroup;
			children = (
				4022240A29421B090004776B /* Scene Classes */,
				4022240529412EB10004776B /* Ground.swift */,
				4022240329411F3C0004776B /* Player.swift */,
				402223FF294119850004776B /* Enemy.swift */,
				40222407294138950004776B /* Background.swift */,
				24CF40A729440138003D9E23 /* Bat.swift */,
			);
			path = Classes;
			sourceTree = "<group>";
		};
		4022240A29421B090004776B /* Scene Classes */ = {
			isa = PBXGroup;
			children = (
				402223EE294115B30004776B /* GameScene.swift */,
				24CF40AB29440B1E003D9E23 /* HUD.swift */,
				24CF40A92944060A003D9E23 /* PlayerFly.swift */,
				4022240E29421C170004776B /* LaunchScene.swift */,
			);
			path = "Scene Classes";
			sourceTree = "<group>";
		};
		4022240B29421B1C0004776B /* Scenes */ = {
			isa = PBXGroup;
			children = (
				402223EA294115B30004776B /* GameScene.sks */,
				4022240C29421B8C0004776B /* LaunchScene.sks */,
			);
			path = Scenes;
			sourceTree = "<group>";
		};
/* End PBXGroup section */

/* Begin PBXNativeTarget section */
		402223E4294115B30004776B /* Game1 */ = {
			isa = PBXNativeTarget;
			buildConfigurationList = 402223FC294115B40004776B /* Build configuration list for PBXNativeTarget "Game1" */;
			buildPhases = (
				402223E1294115B30004776B /* Sources */,
				402223E2294115B30004776B /* Frameworks */,
				402223E3294115B30004776B /* Resources */,
			);
			buildRules = (
			);
			dependencies = (
			);
			name = Game1;
			productName = Game1;
			productReference = 402223E5294115B30004776B /* Game1.app */;
			productType = "com.apple.product-type.application";
		};
/* End PBXNativeTarget section */

/* Begin PBXProject section */
		402223DD294115B30004776B /* Project object */ = {
			isa = PBXProject;
			attributes = {
				BuildIndependentTargetsInParallel = 1;
				LastSwiftUpdateCheck = 1410;
				LastUpgradeCheck = 1410;
				TargetAttributes = {
					402223E4294115B30004776B = {
						CreatedOnToolsVersion = 14.1;
					};
				};
			};
			buildConfigurationList = 402223E0294115B30004776B /* Build configuration list for PBXProject "Game1" */;
			compatibilityVersion = "Xcode 14.0";
			developmentRegion = en;
			hasScannedForEncodings = 0;
			knownRegions = (
				en,
				Base,
			);
			mainGroup = 402223DC294115B30004776B;
			productRefGroup = 402223E6294115B30004776B /* Products */;
			projectDirPath = "";
			projectRoot = "";
			targets = (
				402223E4294115B30004776B /* Game1 */,
			);
		};
/* End PBXProject section */

/* Begin PBXResourcesBuildPhase section */
		402223E3294115B30004776B /* Resources */ = {
			isa = PBXResourcesBuildPhase;
			buildActionMask = 2147483647;
			files = (
				402223F4294115B30004776B /* Main.storyboard in Resources */,
				4022240D29421B8C0004776B /* LaunchScene.sks in Resources */,
				402223EB294115B30004776B /* GameScene.sks in Resources */,
				402223F6294115B40004776B /* Assets.xcassets in Resources */,
				402223F9294115B40004776B /* LaunchScreen.storyboard in Resources */,
			);
			runOnlyForDeploymentPostprocessing = 0;
		};
/* End PBXResourcesBuildPhase section */

/* Begin PBXSourcesBuildPhase section */
		402223E1294115B30004776B /* Sources */ = {
			isa = PBXSourcesBuildPhase;
			buildActionMask = 2147483647;
			files = (
				40222400294119850004776B /* Enemy.swift in Sources */,
				402223EF294115B30004776B /* GameScene.swift in Sources */,
				4022240629412EB10004776B /* Ground.swift in Sources */,
				40222408294138950004776B /* Background.swift in Sources */,
				402223F1294115B30004776B /* GameViewController.swift in Sources */,
				24CF40A829440138003D9E23 /* Bat.swift in Sources */,
				4022240F29421C170004776B /* LaunchScene.swift in Sources */,
				4022240229411C930004776B /* GameSprite.swift in Sources */,
				24CF40AA2944060A003D9E23 /* PlayerFly.swift in Sources */,
				24CF40AC29440B1E003D9E23 /* HUD.swift in Sources */,
				4022240429411F3C0004776B /* Player.swift in Sources */,
				402223E9294115B30004776B /* AppDelegate.swift in Sources */,
			);
			runOnlyForDeploymentPostprocessing = 0;
		};
/* End PBXSourcesBuildPhase section */

/* Begin PBXVariantGroup section */
		402223F2294115B30004776B /* Main.storyboard */ = {
			isa = PBXVariantGroup;
			children = (
				402223F3294115B30004776B /* Base */,
			);
			name = Main.storyboard;
			sourceTree = "<group>";
		};
		402223F7294115B40004776B /* LaunchScreen.storyboard */ = {
			isa = PBXVariantGroup;
			children = (
				402223F8294115B40004776B /* Base */,
			);
			name = LaunchScreen.storyboard;
			sourceTree = "<group>";
		};
/* End PBXVariantGroup section */

/* Begin XCBuildConfiguration section */
		402223FA294115B40004776B /* Debug */ = {
			isa = XCBuildConfiguration;
			buildSettings = {
				ALWAYS_SEARCH_USER_PATHS = NO;
				CLANG_ANALYZER_NONNULL = YES;
				CLANG_ANALYZER_NUMBER_OBJECT_CONVERSION = YES_AGGRESSIVE;
				CLANG_CXX_LANGUAGE_STANDARD = "gnu++20";
				CLANG_ENABLE_MODULES = YES;
				CLANG_ENABLE_OBJC_ARC = YES;
				CLANG_ENABLE_OBJC_WEAK = YES;
				CLANG_WARN_BLOCK_CAPTURE_AUTORELEASING = YES;
				CLANG_WARN_BOOL_CONVERSION = YES;
				CLANG_WARN_COMMA = YES;
				CLANG_WARN_CONSTANT_CONVERSION = YES;
				CLANG_WARN_DEPRECATED_OBJC_IMPLEMENTATIONS = YES;
				CLANG_WARN_DIRECT_OBJC_ISA_USAGE = YES_ERROR;
				CLANG_WARN_DOCUMENTATION_COMMENTS = YES;
				CLANG_WARN_EMPTY_BODY = YES;
				CLANG_WARN_ENUM_CONVERSION = YES;
				CLANG_WARN_INFINITE_RECURSION = YES;
				CLANG_WARN_INT_CONVERSION = YES;
				CLANG_WARN_NON_LITERAL_NULL_CONVERSION = YES;
				CLANG_WARN_OBJC_IMPLICIT_RETAIN_SELF = YES;
				CLANG_WARN_OBJC_LITERAL_CONVERSION = YES;
				CLANG_WARN_OBJC_ROOT_CLASS = YES_ERROR;
				CLANG_WARN_QUOTED_INCLUDE_IN_FRAMEWORK_HEADER = YES;
				CLANG_WARN_RANGE_LOOP_ANALYSIS = YES;
				CLANG_WARN_STRICT_PROTOTYPES = YES;
				CLANG_WARN_SUSPICIOUS_MOVE = YES;
				CLANG_WARN_UNGUARDED_AVAILABILITY = YES_AGGRESSIVE;
				CLANG_WARN_UNREACHABLE_CODE = YES;
				CLANG_WARN__DUPLICATE_METHOD_MATCH = YES;
				COPY_PHASE_STRIP = NO;
				DEBUG_INFORMATION_FORMAT = dwarf;
				ENABLE_STRICT_OBJC_MSGSEND = YES;
				ENABLE_TESTABILITY = YES;
				GCC_C_LANGUAGE_STANDARD = gnu11;
				GCC_DYNAMIC_NO_PIC = NO;
				GCC_NO_COMMON_BLOCKS = YES;
				GCC_OPTIMIZATION_LEVEL = 0;
				GCC_PREPROCESSOR_DEFINITIONS = (
					"DEBUG=1",
					"$(inherited)",
				);
				GCC_WARN_64_TO_32_BIT_CONVERSION = YES;
				GCC_WARN_ABOUT_RETURN_TYPE = YES_ERROR;
				GCC_WARN_UNDECLARED_SELECTOR = YES;
				GCC_WARN_UNINITIALIZED_AUTOS = YES_AGGRESSIVE;
				GCC_WARN_UNUSED_FUNCTION = YES;
				GCC_WARN_UNUSED_VARIABLE = YES;
				IPHONEOS_DEPLOYMENT_TARGET = 16.1;
				MTL_ENABLE_DEBUG_INFO = INCLUDE_SOURCE;
				MTL_FAST_MATH = YES;
				ONLY_ACTIVE_ARCH = YES;
				SDKROOT = iphoneos;
				SWIFT_ACTIVE_COMPILATION_CONDITIONS = DEBUG;
				SWIFT_OPTIMIZATION_LEVEL = "-Onone";
			};
			name = Debug;
		};
		402223FB294115B40004776B /* Release */ = {
			isa = XCBuildConfiguration;
			buildSettings = {
				ALWAYS_SEARCH_USER_PATHS = NO;
				CLANG_ANALYZER_NONNULL = YES;
				CLANG_ANALYZER_NUMBER_OBJECT_CONVERSION = YES_AGGRESSIVE;
				CLANG_CXX_LANGUAGE_STANDARD = "gnu++20";
				CLANG_ENABLE_MODULES = YES;
				CLANG_ENABLE_OBJC_ARC = YES;
				CLANG_ENABLE_OBJC_WEAK = YES;
				CLANG_WARN_BLOCK_CAPTURE_AUTORELEASING = YES;
				CLANG_WARN_BOOL_CONVERSION = YES;
				CLANG_WARN_COMMA = YES;
				CLANG_WARN_CONSTANT_CONVERSION = YES;
				CLANG_WARN_DEPRECATED_OBJC_IMPLEMENTATIONS = YES;
				CLANG_WARN_DIRECT_OBJC_ISA_USAGE = YES_ERROR;
				CLANG_WARN_DOCUMENTATION_COMMENTS = YES;
				CLANG_WARN_EMPTY_BODY = YES;
				CLANG_WARN_ENUM_CONVERSION = YES;
				CLANG_WARN_INFINITE_RECURSION = YES;
				CLANG_WARN_INT_CONVERSION = YES;
				CLANG_WARN_NON_LITERAL_NULL_CONVERSION = YES;
				CLANG_WARN_OBJC_IMPLICIT_RETAIN_SELF = YES;
				CLANG_WARN_OBJC_LITERAL_CONVERSION = YES;
				CLANG_WARN_OBJC_ROOT_CLASS = YES_ERROR;
				CLANG_WARN_QUOTED_INCLUDE_IN_FRAMEWORK_HEADER = YES;
				CLANG_WARN_RANGE_LOOP_ANALYSIS = YES;
				CLANG_WARN_STRICT_PROTOTYPES = YES;
				CLANG_WARN_SUSPICIOUS_MOVE = YES;
				CLANG_WARN_UNGUARDED_AVAILABILITY = YES_AGGRESSIVE;
				CLANG_WARN_UNREACHABLE_CODE = YES;
				CLANG_WARN__DUPLICATE_METHOD_MATCH = YES;
				COPY_PHASE_STRIP = NO;
				DEBUG_INFORMATION_FORMAT = "dwarf-with-dsym";
				ENABLE_NS_ASSERTIONS = NO;
				ENABLE_STRICT_OBJC_MSGSEND = YES;
				GCC_C_LANGUAGE_STANDARD = gnu11;
				GCC_NO_COMMON_BLOCKS = YES;
				GCC_WARN_64_TO_32_BIT_CONVERSION = YES;
				GCC_WARN_ABOUT_RETURN_TYPE = YES_ERROR;
				GCC_WARN_UNDECLARED_SELECTOR = YES;
				GCC_WARN_UNINITIALIZED_AUTOS = YES_AGGRESSIVE;
				GCC_WARN_UNUSED_FUNCTION = YES;
				GCC_WARN_UNUSED_VARIABLE = YES;
				IPHONEOS_DEPLOYMENT_TARGET = 16.1;
				MTL_ENABLE_DEBUG_INFO = NO;
				MTL_FAST_MATH = YES;
				SDKROOT = iphoneos;
				SWIFT_COMPILATION_MODE = wholemodule;
				SWIFT_OPTIMIZATION_LEVEL = "-O";
				VALIDATE_PRODUCT = YES;
			};
			name = Release;
		};
		402223FD294115B40004776B /* Debug */ = {
			isa = XCBuildConfiguration;
			buildSettings = {
				ASSETCATALOG_COMPILER_APPICON_NAME = AppIcon;
				ASSETCATALOG_COMPILER_GLOBAL_ACCENT_COLOR_NAME = AccentColor;
				CODE_SIGN_STYLE = Automatic;
				CURRENT_PROJECT_VERSION = 1;
				DEVELOPMENT_TEAM = 4X3GF5PXZ4;
				GENERATE_INFOPLIST_FILE = YES;
				INFOPLIST_KEY_UIApplicationSupportsIndirectInputEvents = YES;
				INFOPLIST_KEY_UILaunchStoryboardName = LaunchScreen;
				INFOPLIST_KEY_UIMainStoryboardFile = Main;
				INFOPLIST_KEY_UIStatusBarHidden = YES;
				INFOPLIST_KEY_UISupportedInterfaceOrientations = "UIInterfaceOrientationLandscapeLeft UIInterfaceOrientationLandscapeRight";
				INFOPLIST_KEY_UISupportedInterfaceOrientations_iPad = "UIInterfaceOrientationLandscapeLeft UIInterfaceOrientationLandscapeRight UIInterfaceOrientationPortrait UIInterfaceOrientationPortraitUpsideDown";
				IPHONEOS_DEPLOYMENT_TARGET = 16.0;
				LD_RUNPATH_SEARCH_PATHS = (
					"$(inherited)",
					"@executable_path/Frameworks",
				);
				MARKETING_VERSION = 1.0;
				PRODUCT_BUNDLE_IDENTIFIER = "mmcaliendo22-fed.idserve.net.Game1";
				PRODUCT_NAME = "$(TARGET_NAME)";
				SUPPORTED_PLATFORMS = "iphoneos iphonesimulator";
				SUPPORTS_MACCATALYST = NO;
				SUPPORTS_MAC_DESIGNED_FOR_IPHONE_IPAD = NO;
				SWIFT_EMIT_LOC_STRINGS = YES;
				SWIFT_VERSION = 5.0;
				TARGETED_DEVICE_FAMILY = 1;
			};
			name = Debug;
		};
		402223FE294115B40004776B /* Release */ = {
			isa = XCBuildConfiguration;
			buildSettings = {
				ASSETCATALOG_COMPILER_APPICON_NAME = AppIcon;
				ASSETCATALOG_COMPILER_GLOBAL_ACCENT_COLOR_NAME = AccentColor;
				CODE_SIGN_STYLE = Automatic;
				CURRENT_PROJECT_VERSION = 1;
				DEVELOPMENT_TEAM = 4X3GF5PXZ4;
				GENERATE_INFOPLIST_FILE = YES;
				INFOPLIST_KEY_UIApplicationSupportsIndirectInputEvents = YES;
				INFOPLIST_KEY_UILaunchStoryboardName = LaunchScreen;
				INFOPLIST_KEY_UIMainStoryboardFile = Main;
				INFOPLIST_KEY_UIStatusBarHidden = YES;
				INFOPLIST_KEY_UISupportedInterfaceOrientations = "UIInterfaceOrientationLandscapeLeft UIInterfaceOrientationLandscapeRight";
				INFOPLIST_KEY_UISupportedInterfaceOrientations_iPad = "UIInterfaceOrientationLandscapeLeft UIInterfaceOrientationLandscapeRight UIInterfaceOrientationPortrait UIInterfaceOrientationPortraitUpsideDown";
				IPHONEOS_DEPLOYMENT_TARGET = 16.0;
				LD_RUNPATH_SEARCH_PATHS = (
					"$(inherited)",
					"@executable_path/Frameworks",
				);
				MARKETING_VERSION = 1.0;
				PRODUCT_BUNDLE_IDENTIFIER = "mmcaliendo22-fed.idserve.net.Game1";
				PRODUCT_NAME = "$(TARGET_NAME)";
				SUPPORTED_PLATFORMS = "iphoneos iphonesimulator";
				SUPPORTS_MACCATALYST = NO;
				SUPPORTS_MAC_DESIGNED_FOR_IPHONE_IPAD = NO;
				SWIFT_EMIT_LOC_STRINGS = YES;
				SWIFT_VERSION = 5.0;
				TARGETED_DEVICE_FAMILY = 1;
			};
			name = Release;
		};
/* End XCBuildConfiguration section */

/* Begin XCConfigurationList section */
		402223E0294115B30004776B /* Build configuration list for PBXProject "Game1" */ = {
			isa = XCConfigurationList;
			buildConfigurations = (
				402223FA294115B40004776B /* Debug */,
				402223FB294115B40004776B /* Release */,
			);
			defaultConfigurationIsVisible = 0;
			defaultConfigurationName = Release;
		};
		402223FC294115B40004776B /* Build configuration list for PBXNativeTarget "Game1" */ = {
			isa = XCConfigurationList;
			buildConfigurations = (
				402223FD294115B40004776B /* Debug */,
				402223FE294115B40004776B /* Release */,
			);
			defaultConfigurationIsVisible = 0;
			defaultConfigurationName = Release;
		};
/* End XCConfigurationList section */
	};
	rootObject = 402223DD294115B30004776B /* Project object */;
}
